// !$*UTF8*$!
{
	archiveVersion = 1;
	classes = {
	};
	objectVersion = 51;
	objects = {

/* Begin PBXBuildFile section */
		14BA20B587EA35EAA4FF599C /* Pods_SOPT27_6thSeminar.framework in Frameworks */ = {isa = PBXBuildFile; fileRef = 125A30782019507303829757 /* Pods_SOPT27_6thSeminar.framework */; };
		ED18F27D2568C89500335123 /* AppDelegate.swift in Sources */ = {isa = PBXBuildFile; fileRef = ED18F27C2568C89500335123 /* AppDelegate.swift */; };
		ED18F27F2568C89500335123 /* SceneDelegate.swift in Sources */ = {isa = PBXBuildFile; fileRef = ED18F27E2568C89500335123 /* SceneDelegate.swift */; };
		ED18F2812568C89500335123 /* ViewController.swift in Sources */ = {isa = PBXBuildFile; fileRef = ED18F2802568C89500335123 /* ViewController.swift */; };
		ED18F2842568C89500335123 /* Main.storyboard in Resources */ = {isa = PBXBuildFile; fileRef = ED18F2822568C89500335123 /* Main.storyboard */; };
		ED18F2862568C89800335123 /* Assets.xcassets in Resources */ = {isa = PBXBuildFile; fileRef = ED18F2852568C89800335123 /* Assets.xcassets */; };
		ED18F2892568C89800335123 /* LaunchScreen.storyboard in Resources */ = {isa = PBXBuildFile; fileRef = ED18F2872568C89800335123 /* LaunchScreen.storyboard */; };
		ED18F2972568CB1300335123 /* LoginSB.storyboard in Resources */ = {isa = PBXBuildFile; fileRef = ED18F2962568CB1300335123 /* LoginSB.storyboard */; };
		ED18F29A2568CB5E00335123 /* LoginViewController.swift in Sources */ = {isa = PBXBuildFile; fileRef = ED18F2992568CB5E00335123 /* LoginViewController.swift */; };
		ED18F29D2568CD9B00335123 /* APIConstants.swift in Sources */ = {isa = PBXBuildFile; fileRef = ED18F29C2568CD9B00335123 /* APIConstants.swift */; };
		ED18F2A02568CE5200335123 /* GenericResponse.swift in Sources */ = {isa = PBXBuildFile; fileRef = ED18F29F2568CE5200335123 /* GenericResponse.swift */; };
		ED18F2A32568CFCD00335123 /* SignInData.swift in Sources */ = {isa = PBXBuildFile; fileRef = ED18F2A22568CFCD00335123 /* SignInData.swift */; };
		ED18F2A62568D03000335123 /* NetworkResult.swift in Sources */ = {isa = PBXBuildFile; fileRef = ED18F2A52568D03000335123 /* NetworkResult.swift */; };
		ED18F2A92568D34C00335123 /* AuthService.swift in Sources */ = {isa = PBXBuildFile; fileRef = ED18F2A82568D34C00335123 /* AuthService.swift */; };
		ED18F2B12568E43E00335123 /* SignUpVC.swift in Sources */ = {isa = PBXBuildFile; fileRef = ED18F2B02568E43E00335123 /* SignUpVC.swift */; };
		ED18F2B52568E57D00335123 /* SignUp.storyboard in Resources */ = {isa = PBXBuildFile; fileRef = ED18F2B42568E57D00335123 /* SignUp.storyboard */; };
/* End PBXBuildFile section */

/* Begin PBXFileReference section */
		125A30782019507303829757 /* Pods_SOPT27_6thSeminar.framework */ = {isa = PBXFileReference; explicitFileType = wrapper.framework; includeInIndex = 0; path = Pods_SOPT27_6thSeminar.framework; sourceTree = BUILT_PRODUCTS_DIR; };
		56117A816082C66CFD4EF694 /* Pods-SOPT27_6thSeminar.debug.xcconfig */ = {isa = PBXFileReference; includeInIndex = 1; lastKnownFileType = text.xcconfig; name = "Pods-SOPT27_6thSeminar.debug.xcconfig"; path = "Target Support Files/Pods-SOPT27_6thSeminar/Pods-SOPT27_6thSeminar.debug.xcconfig"; sourceTree = "<group>"; };
		BA1E16104834FB471497FE7E /* Pods-SOPT27_6thSeminar.release.xcconfig */ = {isa = PBXFileReference; includeInIndex = 1; lastKnownFileType = text.xcconfig; name = "Pods-SOPT27_6thSeminar.release.xcconfig"; path = "Target Support Files/Pods-SOPT27_6thSeminar/Pods-SOPT27_6thSeminar.release.xcconfig"; sourceTree = "<group>"; };
		ED18F2792568C89500335123 /* SOPT27_6thSeminar.app */ = {isa = PBXFileReference; explicitFileType = wrapper.application; includeInIndex = 0; path = SOPT27_6thSeminar.app; sourceTree = BUILT_PRODUCTS_DIR; };
		ED18F27C2568C89500335123 /* AppDelegate.swift */ = {isa = PBXFileReference; lastKnownFileType = sourcecode.swift; path = AppDelegate.swift; sourceTree = "<group>"; };
		ED18F27E2568C89500335123 /* SceneDelegate.swift */ = {isa = PBXFileReference; lastKnownFileType = sourcecode.swift; path = SceneDelegate.swift; sourceTree = "<group>"; };
		ED18F2802568C89500335123 /* ViewController.swift */ = {isa = PBXFileReference; lastKnownFileType = sourcecode.swift; path = ViewController.swift; sourceTree = "<group>"; };
		ED18F2832568C89500335123 /* Base */ = {isa = PBXFileReference; lastKnownFileType = file.storyboard; name = Base; path = Base.lproj/Main.storyboard; sourceTree = "<group>"; };
		ED18F2852568C89800335123 /* Assets.xcassets */ = {isa = PBXFileReference; lastKnownFileType = folder.assetcatalog; path = Assets.xcassets; sourceTree = "<group>"; };
		ED18F2882568C89800335123 /* Base */ = {isa = PBXFileReference; lastKnownFileType = file.storyboard; name = Base; path = Base.lproj/LaunchScreen.storyboard; sourceTree = "<group>"; };
		ED18F28A2568C89800335123 /* Info.plist */ = {isa = PBXFileReference; lastKnownFileType = text.plist.xml; path = Info.plist; sourceTree = "<group>"; };
		ED18F2962568CB1300335123 /* LoginSB.storyboard */ = {isa = PBXFileReference; lastKnownFileType = file.storyboard; path = LoginSB.storyboard; sourceTree = "<group>"; };
		ED18F2992568CB5E00335123 /* LoginViewController.swift */ = {isa = PBXFileReference; lastKnownFileType = sourcecode.swift; path = LoginViewController.swift; sourceTree = "<group>"; };
		ED18F29C2568CD9B00335123 /* APIConstants.swift */ = {isa = PBXFileReference; lastKnownFileType = sourcecode.swift; path = APIConstants.swift; sourceTree = "<group>"; };
		ED18F29F2568CE5200335123 /* GenericResponse.swift */ = {isa = PBXFileReference; lastKnownFileType = sourcecode.swift; path = GenericResponse.swift; sourceTree = "<group>"; };
		ED18F2A22568CFCD00335123 /* SignInData.swift */ = {isa = PBXFileReference; lastKnownFileType = sourcecode.swift; path = SignInData.swift; sourceTree = "<group>"; };
		ED18F2A52568D03000335123 /* NetworkResult.swift */ = {isa = PBXFileReference; lastKnownFileType = sourcecode.swift; path = NetworkResult.swift; sourceTree = "<group>"; };
		ED18F2A82568D34C00335123 /* AuthService.swift */ = {isa = PBXFileReference; lastKnownFileType = sourcecode.swift; path = AuthService.swift; sourceTree = "<group>"; };
		ED18F2B02568E43E00335123 /* SignUpVC.swift */ = {isa = PBXFileReference; lastKnownFileType = sourcecode.swift; path = SignUpVC.swift; sourceTree = "<group>"; };
		ED18F2B42568E57D00335123 /* SignUp.storyboard */ = {isa = PBXFileReference; lastKnownFileType = file.storyboard; path = SignUp.storyboard; sourceTree = "<group>"; };
/* End PBXFileReference section */

/* Begin PBXFrameworksBuildPhase section */
		ED18F2762568C89500335123 /* Frameworks */ = {
			isa = PBXFrameworksBuildPhase;
			buildActionMask = 2147483647;
			files = (
				14BA20B587EA35EAA4FF599C /* Pods_SOPT27_6thSeminar.framework in Frameworks */,
			);
			runOnlyForDeploymentPostprocessing = 0;
		};
/* End PBXFrameworksBuildPhase section */

/* Begin PBXGroup section */
		5CAB09578C963DA95FDD0554 /* Frameworks */ = {
			isa = PBXGroup;
			children = (
				125A30782019507303829757 /* Pods_SOPT27_6thSeminar.framework */,
			);
			name = Frameworks;
			sourceTree = "<group>";
		};
		B430012F7BC784074993D531 /* Pods */ = {
			isa = PBXGroup;
			children = (
				56117A816082C66CFD4EF694 /* Pods-SOPT27_6thSeminar.debug.xcconfig */,
				BA1E16104834FB471497FE7E /* Pods-SOPT27_6thSeminar.release.xcconfig */,
			);
			path = Pods;
			sourceTree = "<group>";
		};
		ED18F2702568C89500335123 = {
			isa = PBXGroup;
			children = (
				ED18F27B2568C89500335123 /* SOPT27_6thSeminar */,
				ED18F27A2568C89500335123 /* Products */,
				B430012F7BC784074993D531 /* Pods */,
				5CAB09578C963DA95FDD0554 /* Frameworks */,
			);
			sourceTree = "<group>";
		};
		ED18F27A2568C89500335123 /* Products */ = {
			isa = PBXGroup;
			children = (
				ED18F2792568C89500335123 /* SOPT27_6thSeminar.app */,
			);
			name = Products;
			sourceTree = "<group>";
		};
		ED18F27B2568C89500335123 /* SOPT27_6thSeminar */ = {
			isa = PBXGroup;
			children = (
				ED18F2AB2568D62A00335123 /* APIService */,
				ED18F27C2568C89500335123 /* AppDelegate.swift */,
				ED18F27E2568C89500335123 /* SceneDelegate.swift */,
				ED18F2802568C89500335123 /* ViewController.swift */,
				ED18F2822568C89500335123 /* Main.storyboard */,
				ED18F2852568C89800335123 /* Assets.xcassets */,
				ED18F2872568C89800335123 /* LaunchScreen.storyboard */,
				ED18F28A2568C89800335123 /* Info.plist */,
				ED18F2962568CB1300335123 /* LoginSB.storyboard */,
				ED18F2992568CB5E00335123 /* LoginViewController.swift */,
				ED18F29F2568CE5200335123 /* GenericResponse.swift */,
				ED18F2A22568CFCD00335123 /* SignInData.swift */,
				ED18F2B02568E43E00335123 /* SignUpVC.swift */,
				ED18F2B42568E57D00335123 /* SignUp.storyboard */,
			);
			path = SOPT27_6thSeminar;
			sourceTree = "<group>";
		};
		ED18F2AB2568D62A00335123 /* APIService */ = {
			isa = PBXGroup;
			children = (
				ED18F2A82568D34C00335123 /* AuthService.swift */,
				ED18F29C2568CD9B00335123 /* APIConstants.swift */,
				ED18F2A52568D03000335123 /* NetworkResult.swift */,
			);
			path = APIService;
			sourceTree = "<group>";
		};
/* End PBXGroup section */

/* Begin PBXNativeTarget section */
		ED18F2782568C89500335123 /* SOPT27_6thSeminar */ = {
			isa = PBXNativeTarget;
			buildConfigurationList = ED18F28D2568C89800335123 /* Build configuration list for PBXNativeTarget "SOPT27_6thSeminar" */;
			buildPhases = (
				43FE2E0FB97E70FB1195ECB6 /* [CP] Check Pods Manifest.lock */,
				ED18F2752568C89500335123 /* Sources */,
				ED18F2762568C89500335123 /* Frameworks */,
				ED18F2772568C89500335123 /* Resources */,
				61D4AE167BA5494637D6EDAA /* [CP] Embed Pods Frameworks */,
			);
			buildRules = (
			);
			dependencies = (
			);
			name = SOPT27_6thSeminar;
			productName = SOPT27_6thSeminar;
			productReference = ED18F2792568C89500335123 /* SOPT27_6thSeminar.app */;
			productType = "com.apple.product-type.application";
		};
/* End PBXNativeTarget section */

/* Begin PBXProject section */
		ED18F2712568C89500335123 /* Project object */ = {
			isa = PBXProject;
			attributes = {
				LastSwiftUpdateCheck = 1220;
				LastUpgradeCheck = 1220;
				TargetAttributes = {
					ED18F2782568C89500335123 = {
						CreatedOnToolsVersion = 12.2;
					};
				};
			};
			buildConfigurationList = ED18F2742568C89500335123 /* Build configuration list for PBXProject "SOPT27_6thSeminar" */;
			compatibilityVersion = "Xcode 9.3";
			developmentRegion = en;
			hasScannedForEncodings = 0;
			knownRegions = (
				en,
				Base,
			);
			mainGroup = ED18F2702568C89500335123;
			productRefGroup = ED18F27A2568C89500335123 /* Products */;
			projectDirPath = "";
			projectRoot = "";
			targets = (
				ED18F2782568C89500335123 /* SOPT27_6thSeminar */,
			);
		};
/* End PBXProject section */

/* Begin PBXResourcesBuildPhase section */
		ED18F2772568C89500335123 /* Resources */ = {
			isa = PBXResourcesBuildPhase;
			buildActionMask = 2147483647;
			files = (
				ED18F2892568C89800335123 /* LaunchScreen.storyboard in Resources */,
				ED18F2862568C89800335123 /* Assets.xcassets in Resources */,
				ED18F2842568C89500335123 /* Main.storyboard in Resources */,
				ED18F2972568CB1300335123 /* LoginSB.storyboard in Resources */,
				ED18F2B52568E57D00335123 /* SignUp.storyboard in Resources */,
			);
			runOnlyForDeploymentPostprocessing = 0;
		};
/* End PBXResourcesBuildPhase section */

/* Begin PBXShellScriptBuildPhase section */
		43FE2E0FB97E70FB1195ECB6 /* [CP] Check Pods Manifest.lock */ = {
			isa = PBXShellScriptBuildPhase;
			buildActionMask = 2147483647;
			files = (
			);
			inputFileListPaths = (
			);
			inputPaths = (
				"${PODS_PODFILE_DIR_PATH}/Podfile.lock",
				"${PODS_ROOT}/Manifest.lock",
			);
			name = "[CP] Check Pods Manifest.lock";
			outputFileListPaths = (
			);
			outputPaths = (
				"$(DERIVED_FILE_DIR)/Pods-SOPT27_6thSeminar-checkManifestLockResult.txt",
			);
			runOnlyForDeploymentPostprocessing = 0;
			shellPath = /bin/sh;
			shellScript = "diff \"${PODS_PODFILE_DIR_PATH}/Podfile.lock\" \"${PODS_ROOT}/Manifest.lock\" > /dev/null\nif [ $? != 0 ] ; then\n    # print error to STDERR\n    echo \"error: The sandbox is not in sync with the Podfile.lock. Run 'pod install' or update your CocoaPods installation.\" >&2\n    exit 1\nfi\n# This output is used by Xcode 'outputs' to avoid re-running this script phase.\necho \"SUCCESS\" > \"${SCRIPT_OUTPUT_FILE_0}\"\n";
			showEnvVarsInLog = 0;
		};
		61D4AE167BA5494637D6EDAA /* [CP] Embed Pods Frameworks */ = {
			isa = PBXShellScriptBuildPhase;
			buildActionMask = 2147483647;
			files = (
			);
			inputFileListPaths = (
				"${PODS_ROOT}/Target Support Files/Pods-SOPT27_6thSeminar/Pods-SOPT27_6thSeminar-frameworks-${CONFIGURATION}-input-files.xcfilelist",
			);
			name = "[CP] Embed Pods Frameworks";
			outputFileListPaths = (
				"${PODS_ROOT}/Target Support Files/Pods-SOPT27_6thSeminar/Pods-SOPT27_6thSeminar-frameworks-${CONFIGURATION}-output-files.xcfilelist",
			);
			runOnlyForDeploymentPostprocessing = 0;
			shellPath = /bin/sh;
			shellScript = "\"${PODS_ROOT}/Target Support Files/Pods-SOPT27_6thSeminar/Pods-SOPT27_6thSeminar-frameworks.sh\"\n";
			showEnvVarsInLog = 0;
		};
/* End PBXShellScriptBuildPhase section */

/* Begin PBXSourcesBuildPhase section */
		ED18F2752568C89500335123 /* Sources */ = {
			isa = PBXSourcesBuildPhase;
			buildActionMask = 2147483647;
			files = (
				ED18F2A32568CFCD00335123 /* SignInData.swift in Sources */,
				ED18F2A02568CE5200335123 /* GenericResponse.swift in Sources */,
				ED18F29A2568CB5E00335123 /* LoginViewController.swift in Sources */,
				ED18F2A92568D34C00335123 /* AuthService.swift in Sources */,
				ED18F29D2568CD9B00335123 /* APIConstants.swift in Sources */,
				ED18F2812568C89500335123 /* ViewController.swift in Sources */,
				ED18F27D2568C89500335123 /* AppDelegate.swift in Sources */,
				ED18F27F2568C89500335123 /* SceneDelegate.swift in Sources */,
				ED18F2B12568E43E00335123 /* SignUpVC.swift in Sources */,
				ED18F2A62568D03000335123 /* NetworkResult.swift in Sources */,
			);
			runOnlyForDeploymentPostprocessing = 0;
		};
/* End PBXSourcesBuildPhase section */

/* Begin PBXVariantGroup section */
		ED18F2822568C89500335123 /* Main.storyboard */ = {
			isa = PBXVariantGroup;
			children = (
				ED18F2832568C89500335123 /* Base */,
			);
			name = Main.storyboard;
			sourceTree = "<group>";
		};
		ED18F2872568C89800335123 /* LaunchScreen.storyboard */ = {
			isa = PBXVariantGroup;
			children = (
				ED18F2882568C89800335123 /* Base */,
			);
			name = LaunchScreen.storyboard;
			sourceTree = "<group>";
		};
/* End PBXVariantGroup section */

/* Begin XCBuildConfiguration section */
		ED18F28B2568C89800335123 /* Debug */ = {
			isa = XCBuildConfiguration;
			buildSettings = {
				ALWAYS_SEARCH_USER_PATHS = NO;
				CLANG_ANALYZER_NONNULL = YES;
				CLANG_ANALYZER_NUMBER_OBJECT_CONVERSION = YES_AGGRESSIVE;
				CLANG_CXX_LANGUAGE_STANDARD = "gnu++14";
				CLANG_CXX_LIBRARY = "libc++";
				CLANG_ENABLE_MODULES = YES;
				CLANG_ENABLE_OBJC_ARC = YES;
				CLANG_ENABLE_OBJC_WEAK = YES;
				CLANG_WARN_BLOCK_CAPTURE_AUTORELEASING = YES;
				CLANG_WARN_BOOL_CONVERSION = YES;
				CLANG_WARN_COMMA = YES;
				CLANG_WARN_CONSTANT_CONVERSION = YES;
				CLANG_WARN_DEPRECATED_OBJC_IMPLEMENTATIONS = YES;
				CLANG_WARN_DIRECT_OBJC_ISA_USAGE = YES_ERROR;
				CLANG_WARN_DOCUMENTATION_COMMENTS = YES;
				CLANG_WARN_EMPTY_BODY = YES;
				CLANG_WARN_ENUM_CONVERSION = YES;
				CLANG_WARN_INFINITE_RECURSION = YES;
				CLANG_WARN_INT_CONVERSION = YES;
				CLANG_WARN_NON_LITERAL_NULL_CONVERSION = YES;
				CLANG_WARN_OBJC_IMPLICIT_RETAIN_SELF = YES;
				CLANG_WARN_OBJC_LITERAL_CONVERSION = YES;
				CLANG_WARN_OBJC_ROOT_CLASS = YES_ERROR;
				CLANG_WARN_QUOTED_INCLUDE_IN_FRAMEWORK_HEADER = YES;
				CLANG_WARN_RANGE_LOOP_ANALYSIS = YES;
				CLANG_WARN_STRICT_PROTOTYPES = YES;
				CLANG_WARN_SUSPICIOUS_MOVE = YES;
				CLANG_WARN_UNGUARDED_AVAILABILITY = YES_AGGRESSIVE;
				CLANG_WARN_UNREACHABLE_CODE = YES;
				CLANG_WARN__DUPLICATE_METHOD_MATCH = YES;
				COPY_PHASE_STRIP = NO;
				DEBUG_INFORMATION_FORMAT = dwarf;
				ENABLE_STRICT_OBJC_MSGSEND = YES;
				ENABLE_TESTABILITY = YES;
				GCC_C_LANGUAGE_STANDARD = gnu11;
				GCC_DYNAMIC_NO_PIC = NO;
				GCC_NO_COMMON_BLOCKS = YES;
				GCC_OPTIMIZATION_LEVEL = 0;
				GCC_PREPROCESSOR_DEFINITIONS = (
					"DEBUG=1",
					"$(inherited)",
				);
				GCC_WARN_64_TO_32_BIT_CONVERSION = YES;
				GCC_WARN_ABOUT_RETURN_TYPE = YES_ERROR;
				GCC_WARN_UNDECLARED_SELECTOR = YES;
				GCC_WARN_UNINITIALIZED_AUTOS = YES_AGGRESSIVE;
				GCC_WARN_UNUSED_FUNCTION = YES;
				GCC_WARN_UNUSED_VARIABLE = YES;
				IPHONEOS_DEPLOYMENT_TARGET = 14.2;
				MTL_ENABLE_DEBUG_INFO = INCLUDE_SOURCE;
				MTL_FAST_MATH = YES;
				ONLY_ACTIVE_ARCH = YES;
				SDKROOT = iphoneos;
				SWIFT_ACTIVE_COMPILATION_CONDITIONS = DEBUG;
				SWIFT_OPTIMIZATION_LEVEL = "-Onone";
			};
			name = Debug;
		};
		ED18F28C2568C89800335123 /* Release */ = {
			isa = XCBuildConfiguration;
			buildSettings = {
				ALWAYS_SEARCH_USER_PATHS = NO;
				CLANG_ANALYZER_NONNULL = YES;
				CLANG_ANALYZER_NUMBER_OBJECT_CONVERSION = YES_AGGRESSIVE;
				CLANG_CXX_LANGUAGE_STANDARD = "gnu++14";
				CLANG_CXX_LIBRARY = "libc++";
				CLANG_ENABLE_MODULES = YES;
				CLANG_ENABLE_OBJC_ARC = YES;
				CLANG_ENABLE_OBJC_WEAK = YES;
				CLANG_WARN_BLOCK_CAPTURE_AUTORELEASING = YES;
				CLANG_WARN_BOOL_CONVERSION = YES;
				CLANG_WARN_COMMA = YES;
				CLANG_WARN_CONSTANT_CONVERSION = YES;
				CLANG_WARN_DEPRECATED_OBJC_IMPLEMENTATIONS = YES;
				CLANG_WARN_DIRECT_OBJC_ISA_USAGE = YES_ERROR;
				CLANG_WARN_DOCUMENTATION_COMMENTS = YES;
				CLANG_WARN_EMPTY_BODY = YES;
				CLANG_WARN_ENUM_CONVERSION = YES;
				CLANG_WARN_INFINITE_RECURSION = YES;
				CLANG_WARN_INT_CONVERSION = YES;
				CLANG_WARN_NON_LITERAL_NULL_CONVERSION = YES;
				CLANG_WARN_OBJC_IMPLICIT_RETAIN_SELF = YES;
				CLANG_WARN_OBJC_LITERAL_CONVERSION = YES;
				CLANG_WARN_OBJC_ROOT_CLASS = YES_ERROR;
				CLANG_WARN_QUOTED_INCLUDE_IN_FRAMEWORK_HEADER = YES;
				CLANG_WARN_RANGE_LOOP_ANALYSIS = YES;
				CLANG_WARN_STRICT_PROTOTYPES = YES;
				CLANG_WARN_SUSPICIOUS_MOVE = YES;
				CLANG_WARN_UNGUARDED_AVAILABILITY = YES_AGGRESSIVE;
				CLANG_WARN_UNREACHABLE_CODE = YES;
				CLANG_WARN__DUPLICATE_METHOD_MATCH = YES;
				COPY_PHASE_STRIP = NO;
				DEBUG_INFORMATION_FORMAT = "dwarf-with-dsym";
				ENABLE_NS_ASSERTIONS = NO;
				ENABLE_STRICT_OBJC_MSGSEND = YES;
				GCC_C_LANGUAGE_STANDARD = gnu11;
				GCC_NO_COMMON_BLOCKS = YES;
				GCC_WARN_64_TO_32_BIT_CONVERSION = YES;
				GCC_WARN_ABOUT_RETURN_TYPE = YES_ERROR;
				GCC_WARN_UNDECLARED_SELECTOR = YES;
				GCC_WARN_UNINITIALIZED_AUTOS = YES_AGGRESSIVE;
				GCC_WARN_UNUSED_FUNCTION = YES;
				GCC_WARN_UNUSED_VARIABLE = YES;
				IPHONEOS_DEPLOYMENT_TARGET = 14.2;
				MTL_ENABLE_DEBUG_INFO = NO;
				MTL_FAST_MATH = YES;
				SDKROOT = iphoneos;
				SWIFT_COMPILATION_MODE = wholemodule;
				SWIFT_OPTIMIZATION_LEVEL = "-O";
				VALIDATE_PRODUCT = YES;
			};
			name = Release;
		};
		ED18F28E2568C89800335123 /* Debug */ = {
			isa = XCBuildConfiguration;
			baseConfigurationReference = 56117A816082C66CFD4EF694 /* Pods-SOPT27_6thSeminar.debug.xcconfig */;
			buildSettings = {
				ASSETCATALOG_COMPILER_APPICON_NAME = AppIcon;
				ASSETCATALOG_COMPILER_GLOBAL_ACCENT_COLOR_NAME = AccentColor;
				CODE_SIGN_STYLE = Automatic;
				INFOPLIST_FILE = SOPT27_6thSeminar/Info.plist;
				LD_RUNPATH_SEARCH_PATHS = (
					"$(inherited)",
					"@executable_path/Frameworks",
				);
				PRODUCT_BUNDLE_IDENTIFIER = "com.tiekle.SOPT27-6thSeminar";
				PRODUCT_NAME = "$(TARGET_NAME)";
				SWIFT_VERSION = 5.0;
				TARGETED_DEVICE_FAMILY = "1,2";
			};
			name = Debug;
		};
		ED18F28F2568C89800335123 /* Release */ = {
			isa = XCBuildConfiguration;
			baseConfigurationReference = BA1E16104834FB471497FE7E /* Pods-SOPT27_6thSeminar.release.xcconfig */;
			buildSettings = {
				ASSETCATALOG_COMPILER_APPICON_NAME = AppIcon;
				ASSETCATALOG_COMPILER_GLOBAL_ACCENT_COLOR_NAME = AccentColor;
				CODE_SIGN_STYLE = Automatic;
				INFOPLIST_FILE = SOPT27_6thSeminar/Info.plist;
				LD_RUNPATH_SEARCH_PATHS = (
					"$(inherited)",
					"@executable_path/Frameworks",
				);
				PRODUCT_BUNDLE_IDENTIFIER = "com.tiekle.SOPT27-6thSeminar";
				PRODUCT_NAME = "$(TARGET_NAME)";
				SWIFT_VERSION = 5.0;
				TARGETED_DEVICE_FAMILY = "1,2";
			};
			name = Release;
		};
/* End XCBuildConfiguration section */

/* Begin XCConfigurationList section */
		ED18F2742568C89500335123 /* Build configuration list for PBXProject "SOPT27_6thSeminar" */ = {
			isa = XCConfigurationList;
			buildConfigurations = (
				ED18F28B2568C89800335123 /* Debug */,
				ED18F28C2568C89800335123 /* Release */,
			);
			defaultConfigurationIsVisible = 0;
			defaultConfigurationName = Release;
		};
		ED18F28D2568C89800335123 /* Build configuration list for PBXNativeTarget "SOPT27_6thSeminar" */ = {
			isa = XCConfigurationList;
			buildConfigurations = (
				ED18F28E2568C89800335123 /* Debug */,
				ED18F28F2568C89800335123 /* Release */,
			);
			defaultConfigurationIsVisible = 0;
			defaultConfigurationName = Release;
		};
/* End XCConfigurationList section */
	};
	rootObject = ED18F2712568C89500335123 /* Project object */;
}
