// !$*UTF8*$!
{
	archiveVersion = 1;
	classes = {
	};
	objectVersion = 50;
	objects = {

/* Begin PBXBuildFile section */
		ED1A34A6253E085A000A1367 /* AppDelegate.swift in Sources */ = {isa = PBXBuildFile; fileRef = ED1A34A5253E085A000A1367 /* AppDelegate.swift */; };
		ED1A34A8253E085A000A1367 /* SceneDelegate.swift in Sources */ = {isa = PBXBuildFile; fileRef = ED1A34A7253E085A000A1367 /* SceneDelegate.swift */; };
		ED1A34AA253E085A000A1367 /* ViewController.swift in Sources */ = {isa = PBXBuildFile; fileRef = ED1A34A9253E085A000A1367 /* ViewController.swift */; };
		ED1A34AD253E085A000A1367 /* Main.storyboard in Resources */ = {isa = PBXBuildFile; fileRef = ED1A34AB253E085A000A1367 /* Main.storyboard */; };
		ED1A34AF253E085B000A1367 /* Assets.xcassets in Resources */ = {isa = PBXBuildFile; fileRef = ED1A34AE253E085B000A1367 /* Assets.xcassets */; };
		ED1A34B2253E085B000A1367 /* LaunchScreen.storyboard in Resources */ = {isa = PBXBuildFile; fileRef = ED1A34B0253E085B000A1367 /* LaunchScreen.storyboard */; };
		ED1A34BC253E764E000A1367 /* NotoSansKR-Bold.otf in Resources */ = {isa = PBXBuildFile; fileRef = ED1A34BB253E764E000A1367 /* NotoSansKR-Bold.otf */; };
		ED1A34BF253E7685000A1367 /* NotoSansKR-Medium.otf in Resources */ = {isa = PBXBuildFile; fileRef = ED1A34BE253E7685000A1367 /* NotoSansKR-Medium.otf */; };
		ED1A34C2253E7690000A1367 /* NotoSansKR-Regular.otf in Resources */ = {isa = PBXBuildFile; fileRef = ED1A34C1253E7690000A1367 /* NotoSansKR-Regular.otf */; };
/* End PBXBuildFile section */

/* Begin PBXFileReference section */
		ED1A34A2253E085A000A1367 /* PA2_iOS.app */ = {isa = PBXFileReference; explicitFileType = wrapper.application; includeInIndex = 0; path = PA2_iOS.app; sourceTree = BUILT_PRODUCTS_DIR; };
		ED1A34A5253E085A000A1367 /* AppDelegate.swift */ = {isa = PBXFileReference; lastKnownFileType = sourcecode.swift; path = AppDelegate.swift; sourceTree = "<group>"; };
		ED1A34A7253E085A000A1367 /* SceneDelegate.swift */ = {isa = PBXFileReference; lastKnownFileType = sourcecode.swift; path = SceneDelegate.swift; sourceTree = "<group>"; };
		ED1A34A9253E085A000A1367 /* ViewController.swift */ = {isa = PBXFileReference; lastKnownFileType = sourcecode.swift; path = ViewController.swift; sourceTree = "<group>"; };
		ED1A34AC253E085A000A1367 /* Base */ = {isa = PBXFileReference; lastKnownFileType = file.storyboard; name = Base; path = Base.lproj/Main.storyboard; sourceTree = "<group>"; };
		ED1A34AE253E085B000A1367 /* Assets.xcassets */ = {isa = PBXFileReference; lastKnownFileType = folder.assetcatalog; path = Assets.xcassets; sourceTree = "<group>"; };
		ED1A34B1253E085B000A1367 /* Base */ = {isa = PBXFileReference; lastKnownFileType = file.storyboard; name = Base; path = Base.lproj/LaunchScreen.storyboard; sourceTree = "<group>"; };
		ED1A34B3253E085B000A1367 /* Info.plist */ = {isa = PBXFileReference; lastKnownFileType = text.plist.xml; path = Info.plist; sourceTree = "<group>"; };
		ED1A34BB253E764E000A1367 /* NotoSansKR-Bold.otf */ = {isa = PBXFileReference; lastKnownFileType = file; name = "NotoSansKR-Bold.otf"; path = "../../../../../../../../Downloads/Noto_Sans_KR/NotoSansKR-Bold.otf"; sourceTree = "<group>"; };
		ED1A34BE253E7685000A1367 /* NotoSansKR-Medium.otf */ = {isa = PBXFileReference; lastKnownFileType = file; name = "NotoSansKR-Medium.otf"; path = "../../../../../../../../Downloads/Noto_Sans_KR/NotoSansKR-Medium.otf"; sourceTree = "<group>"; };
		ED1A34C1253E7690000A1367 /* NotoSansKR-Regular.otf */ = {isa = PBXFileReference; lastKnownFileType = file; name = "NotoSansKR-Regular.otf"; path = "../../../../../../../../Downloads/Noto_Sans_KR/NotoSansKR-Regular.otf"; sourceTree = "<group>"; };
/* End PBXFileReference section */

/* Begin PBXFrameworksBuildPhase section */
		ED1A349F253E085A000A1367 /* Frameworks */ = {
			isa = PBXFrameworksBuildPhase;
			buildActionMask = 2147483647;
			files = (
			);
			runOnlyForDeploymentPostprocessing = 0;
		};
/* End PBXFrameworksBuildPhase section */

/* Begin PBXGroup section */
		ED1A3499253E085A000A1367 = {
			isa = PBXGroup;
			children = (
				ED1A34A4253E085A000A1367 /* PA2_iOS */,
				ED1A34A3253E085A000A1367 /* Products */,
			);
			sourceTree = "<group>";
		};
		ED1A34A3253E085A000A1367 /* Products */ = {
			isa = PBXGroup;
			children = (
				ED1A34A2253E085A000A1367 /* PA2_iOS.app */,
			);
			name = Products;
			sourceTree = "<group>";
		};
		ED1A34A4253E085A000A1367 /* PA2_iOS */ = {
			isa = PBXGroup;
			children = (
				ED1A34BA253E7610000A1367 /* font */,
				ED1A34A5253E085A000A1367 /* AppDelegate.swift */,
				ED1A34A7253E085A000A1367 /* SceneDelegate.swift */,
				ED1A34A9253E085A000A1367 /* ViewController.swift */,
				ED1A34AB253E085A000A1367 /* Main.storyboard */,
				ED1A34AE253E085B000A1367 /* Assets.xcassets */,
				ED1A34B0253E085B000A1367 /* LaunchScreen.storyboard */,
				ED1A34B3253E085B000A1367 /* Info.plist */,
			);
			path = PA2_iOS;
			sourceTree = "<group>";
		};
		ED1A34BA253E7610000A1367 /* font */ = {
			isa = PBXGroup;
			children = (
				ED1A34C1253E7690000A1367 /* NotoSansKR-Regular.otf */,
				ED1A34BE253E7685000A1367 /* NotoSansKR-Medium.otf */,
				ED1A34BB253E764E000A1367 /* NotoSansKR-Bold.otf */,
			);
			path = font;
			sourceTree = "<group>";
		};
/* End PBXGroup section */

/* Begin PBXNativeTarget section */
		ED1A34A1253E085A000A1367 /* PA2_iOS */ = {
			isa = PBXNativeTarget;
			buildConfigurationList = ED1A34B6253E085B000A1367 /* Build configuration list for PBXNativeTarget "PA2_iOS" */;
			buildPhases = (
				ED1A349E253E085A000A1367 /* Sources */,
				ED1A349F253E085A000A1367 /* Frameworks */,
				ED1A34A0253E085A000A1367 /* Resources */,
			);
			buildRules = (
			);
			dependencies = (
			);
			name = PA2_iOS;
			productName = PA2_iOS;
			productReference = ED1A34A2253E085A000A1367 /* PA2_iOS.app */;
			productType = "com.apple.product-type.application";
		};
/* End PBXNativeTarget section */

/* Begin PBXProject section */
		ED1A349A253E085A000A1367 /* Project object */ = {
			isa = PBXProject;
			attributes = {
				LastSwiftUpdateCheck = 1200;
				LastUpgradeCheck = 1200;
				TargetAttributes = {
					ED1A34A1253E085A000A1367 = {
						CreatedOnToolsVersion = 12.0.1;
					};
				};
			};
			buildConfigurationList = ED1A349D253E085A000A1367 /* Build configuration list for PBXProject "PA2_iOS" */;
			compatibilityVersion = "Xcode 9.3";
			developmentRegion = en;
			hasScannedForEncodings = 0;
			knownRegions = (
				en,
				Base,
			);
			mainGroup = ED1A3499253E085A000A1367;
			productRefGroup = ED1A34A3253E085A000A1367 /* Products */;
			projectDirPath = "";
			projectRoot = "";
			targets = (
				ED1A34A1253E085A000A1367 /* PA2_iOS */,
			);
		};
/* End PBXProject section */

/* Begin PBXResourcesBuildPhase section */
		ED1A34A0253E085A000A1367 /* Resources */ = {
			isa = PBXResourcesBuildPhase;
			buildActionMask = 2147483647;
			files = (
				ED1A34B2253E085B000A1367 /* LaunchScreen.storyboard in Resources */,
				ED1A34AF253E085B000A1367 /* Assets.xcassets in Resources */,
				ED1A34BF253E7685000A1367 /* NotoSansKR-Medium.otf in Resources */,
				ED1A34BC253E764E000A1367 /* NotoSansKR-Bold.otf in Resources */,
				ED1A34C2253E7690000A1367 /* NotoSansKR-Regular.otf in Resources */,
				ED1A34AD253E085A000A1367 /* Main.storyboard in Resources */,
			);
			runOnlyForDeploymentPostprocessing = 0;
		};
/* End PBXResourcesBuildPhase section */

/* Begin PBXSourcesBuildPhase section */
		ED1A349E253E085A000A1367 /* Sources */ = {
			isa = PBXSourcesBuildPhase;
			buildActionMask = 2147483647;
			files = (
				ED1A34AA253E085A000A1367 /* ViewController.swift in Sources */,
				ED1A34A6253E085A000A1367 /* AppDelegate.swift in Sources */,
				ED1A34A8253E085A000A1367 /* SceneDelegate.swift in Sources */,
			);
			runOnlyForDeploymentPostprocessing = 0;
		};
/* End PBXSourcesBuildPhase section */

/* Begin PBXVariantGroup section */
		ED1A34AB253E085A000A1367 /* Main.storyboard */ = {
			isa = PBXVariantGroup;
			children = (
				ED1A34AC253E085A000A1367 /* Base */,
			);
			name = Main.storyboard;
			sourceTree = "<group>";
		};
		ED1A34B0253E085B000A1367 /* LaunchScreen.storyboard */ = {
			isa = PBXVariantGroup;
			children = (
				ED1A34B1253E085B000A1367 /* Base */,
			);
			name = LaunchScreen.storyboard;
			sourceTree = "<group>";
		};
/* End PBXVariantGroup section */

/* Begin XCBuildConfiguration section */
		ED1A34B4253E085B000A1367 /* Debug */ = {
			isa = XCBuildConfiguration;
			buildSettings = {
				ALWAYS_SEARCH_USER_PATHS = NO;
				CLANG_ANALYZER_NONNULL = YES;
				CLANG_ANALYZER_NUMBER_OBJECT_CONVERSION = YES_AGGRESSIVE;
				CLANG_CXX_LANGUAGE_STANDARD = "gnu++14";
				CLANG_CXX_LIBRARY = "libc++";
				CLANG_ENABLE_MODULES = YES;
				CLANG_ENABLE_OBJC_ARC = YES;
				CLANG_ENABLE_OBJC_WEAK = YES;
				CLANG_WARN_BLOCK_CAPTURE_AUTORELEASING = YES;
				CLANG_WARN_BOOL_CONVERSION = YES;
				CLANG_WARN_COMMA = YES;
				CLANG_WARN_CONSTANT_CONVERSION = YES;
				CLANG_WARN_DEPRECATED_OBJC_IMPLEMENTATIONS = YES;
				CLANG_WARN_DIRECT_OBJC_ISA_USAGE = YES_ERROR;
				CLANG_WARN_DOCUMENTATION_COMMENTS = YES;
				CLANG_WARN_EMPTY_BODY = YES;
				CLANG_WARN_ENUM_CONVERSION = YES;
				CLANG_WARN_INFINITE_RECURSION = YES;
				CLANG_WARN_INT_CONVERSION = YES;
				CLANG_WARN_NON_LITERAL_NULL_CONVERSION = YES;
				CLANG_WARN_OBJC_IMPLICIT_RETAIN_SELF = YES;
				CLANG_WARN_OBJC_LITERAL_CONVERSION = YES;
				CLANG_WARN_OBJC_ROOT_CLASS = YES_ERROR;
				CLANG_WARN_QUOTED_INCLUDE_IN_FRAMEWORK_HEADER = YES;
				CLANG_WARN_RANGE_LOOP_ANALYSIS = YES;
				CLANG_WARN_STRICT_PROTOTYPES = YES;
				CLANG_WARN_SUSPICIOUS_MOVE = YES;
				CLANG_WARN_UNGUARDED_AVAILABILITY = YES_AGGRESSIVE;
				CLANG_WARN_UNREACHABLE_CODE = YES;
				CLANG_WARN__DUPLICATE_METHOD_MATCH = YES;
				COPY_PHASE_STRIP = NO;
				DEBUG_INFORMATION_FORMAT = dwarf;
				ENABLE_STRICT_OBJC_MSGSEND = YES;
				ENABLE_TESTABILITY = YES;
				GCC_C_LANGUAGE_STANDARD = gnu11;
				GCC_DYNAMIC_NO_PIC = NO;
				GCC_NO_COMMON_BLOCKS = YES;
				GCC_OPTIMIZATION_LEVEL = 0;
				GCC_PREPROCESSOR_DEFINITIONS = (
					"DEBUG=1",
					"$(inherited)",
				);
				GCC_WARN_64_TO_32_BIT_CONVERSION = YES;
				GCC_WARN_ABOUT_RETURN_TYPE = YES_ERROR;
				GCC_WARN_UNDECLARED_SELECTOR = YES;
				GCC_WARN_UNINITIALIZED_AUTOS = YES_AGGRESSIVE;
				GCC_WARN_UNUSED_FUNCTION = YES;
				GCC_WARN_UNUSED_VARIABLE = YES;
				IPHONEOS_DEPLOYMENT_TARGET = 14.0;
				MTL_ENABLE_DEBUG_INFO = INCLUDE_SOURCE;
				MTL_FAST_MATH = YES;
				ONLY_ACTIVE_ARCH = YES;
				SDKROOT = iphoneos;
				SWIFT_ACTIVE_COMPILATION_CONDITIONS = DEBUG;
				SWIFT_OPTIMIZATION_LEVEL = "-Onone";
			};
			name = Debug;
		};
		ED1A34B5253E085B000A1367 /* Release */ = {
			isa = XCBuildConfiguration;
			buildSettings = {
				ALWAYS_SEARCH_USER_PATHS = NO;
				CLANG_ANALYZER_NONNULL = YES;
				CLANG_ANALYZER_NUMBER_OBJECT_CONVERSION = YES_AGGRESSIVE;
				CLANG_CXX_LANGUAGE_STANDARD = "gnu++14";
				CLANG_CXX_LIBRARY = "libc++";
				CLANG_ENABLE_MODULES = YES;
				CLANG_ENABLE_OBJC_ARC = YES;
				CLANG_ENABLE_OBJC_WEAK = YES;
				CLANG_WARN_BLOCK_CAPTURE_AUTORELEASING = YES;
				CLANG_WARN_BOOL_CONVERSION = YES;
				CLANG_WARN_COMMA = YES;
				CLANG_WARN_CONSTANT_CONVERSION = YES;
				CLANG_WARN_DEPRECATED_OBJC_IMPLEMENTATIONS = YES;
				CLANG_WARN_DIRECT_OBJC_ISA_USAGE = YES_ERROR;
				CLANG_WARN_DOCUMENTATION_COMMENTS = YES;
				CLANG_WARN_EMPTY_BODY = YES;
				CLANG_WARN_ENUM_CONVERSION = YES;
				CLANG_WARN_INFINITE_RECURSION = YES;
				CLANG_WARN_INT_CONVERSION = YES;
				CLANG_WARN_NON_LITERAL_NULL_CONVERSION = YES;
				CLANG_WARN_OBJC_IMPLICIT_RETAIN_SELF = YES;
				CLANG_WARN_OBJC_LITERAL_CONVERSION = YES;
				CLANG_WARN_OBJC_ROOT_CLASS = YES_ERROR;
				CLANG_WARN_QUOTED_INCLUDE_IN_FRAMEWORK_HEADER = YES;
				CLANG_WARN_RANGE_LOOP_ANALYSIS = YES;
				CLANG_WARN_STRICT_PROTOTYPES = YES;
				CLANG_WARN_SUSPICIOUS_MOVE = YES;
				CLANG_WARN_UNGUARDED_AVAILABILITY = YES_AGGRESSIVE;
				CLANG_WARN_UNREACHABLE_CODE = YES;
				CLANG_WARN__DUPLICATE_METHOD_MATCH = YES;
				COPY_PHASE_STRIP = NO;
				DEBUG_INFORMATION_FORMAT = "dwarf-with-dsym";
				ENABLE_NS_ASSERTIONS = NO;
				ENABLE_STRICT_OBJC_MSGSEND = YES;
				GCC_C_LANGUAGE_STANDARD = gnu11;
				GCC_NO_COMMON_BLOCKS = YES;
				GCC_WARN_64_TO_32_BIT_CONVERSION = YES;
				GCC_WARN_ABOUT_RETURN_TYPE = YES_ERROR;
				GCC_WARN_UNDECLARED_SELECTOR = YES;
				GCC_WARN_UNINITIALIZED_AUTOS = YES_AGGRESSIVE;
				GCC_WARN_UNUSED_FUNCTION = YES;
				GCC_WARN_UNUSED_VARIABLE = YES;
				IPHONEOS_DEPLOYMENT_TARGET = 14.0;
				MTL_ENABLE_DEBUG_INFO = NO;
				MTL_FAST_MATH = YES;
				SDKROOT = iphoneos;
				SWIFT_COMPILATION_MODE = wholemodule;
				SWIFT_OPTIMIZATION_LEVEL = "-O";
				VALIDATE_PRODUCT = YES;
			};
			name = Release;
		};
		ED1A34B7253E085B000A1367 /* Debug */ = {
			isa = XCBuildConfiguration;
			buildSettings = {
				ASSETCATALOG_COMPILER_APPICON_NAME = AppIcon;
				ASSETCATALOG_COMPILER_GLOBAL_ACCENT_COLOR_NAME = AccentColor;
				CODE_SIGN_STYLE = Automatic;
				INFOPLIST_FILE = PA2_iOS/Info.plist;
				LD_RUNPATH_SEARCH_PATHS = (
					"$(inherited)",
					"@executable_path/Frameworks",
				);
				PRODUCT_BUNDLE_IDENTIFIER = "com.tiekle.PA2-iOS";
				PRODUCT_NAME = "$(TARGET_NAME)";
				SWIFT_VERSION = 5.0;
				TARGETED_DEVICE_FAMILY = "1,2";
			};
			name = Debug;
		};
		ED1A34B8253E085B000A1367 /* Release */ = {
			isa = XCBuildConfiguration;
			buildSettings = {
				ASSETCATALOG_COMPILER_APPICON_NAME = AppIcon;
				ASSETCATALOG_COMPILER_GLOBAL_ACCENT_COLOR_NAME = AccentColor;
				CODE_SIGN_STYLE = Automatic;
				INFOPLIST_FILE = PA2_iOS/Info.plist;
				LD_RUNPATH_SEARCH_PATHS = (
					"$(inherited)",
					"@executable_path/Frameworks",
				);
				PRODUCT_BUNDLE_IDENTIFIER = "com.tiekle.PA2-iOS";
				PRODUCT_NAME = "$(TARGET_NAME)";
				SWIFT_VERSION = 5.0;
				TARGETED_DEVICE_FAMILY = "1,2";
			};
			name = Release;
		};
/* End XCBuildConfiguration section */

/* Begin XCConfigurationList section */
		ED1A349D253E085A000A1367 /* Build configuration list for PBXProject "PA2_iOS" */ = {
			isa = XCConfigurationList;
			buildConfigurations = (
				ED1A34B4253E085B000A1367 /* Debug */,
				ED1A34B5253E085B000A1367 /* Release */,
			);
			defaultConfigurationIsVisible = 0;
			defaultConfigurationName = Release;
		};
		ED1A34B6253E085B000A1367 /* Build configuration list for PBXNativeTarget "PA2_iOS" */ = {
			isa = XCConfigurationList;
			buildConfigurations = (
				ED1A34B7253E085B000A1367 /* Debug */,
				ED1A34B8253E085B000A1367 /* Release */,
			);
			defaultConfigurationIsVisible = 0;
			defaultConfigurationName = Release;
		};
/* End XCConfigurationList section */
	};
	rootObject = ED1A349A253E085A000A1367 /* Project object */;
}
